
Microsoft Visual Studio Solution File, Format Version 12.00
# Visual Studio Version 16
VisualStudioVersion = 16.0.30621.155
MinimumVisualStudioVersion = 10.0.40219.1
Project("{FAE04EC0-301F-11D3-BF4B-00C04F79EFBC}") = "WpfApp1", "WpfApp1\WpfApp1.csproj", "{CBFA7E5E-1720-4C8F-8C2B-B550F45A88F5}"
EndProject
Global
	GlobalSection(SolutionConfigurationPlatforms) = preSolution
		Debug|Any CPU = Debug|Any CPU
		Release|Any CPU = Release|Any CPU
	EndGlobalSection
	GlobalSection(ProjectConfigurationPlatforms) = postSolution
		{CBFA7E5E-1720-4C8F-8C2B-B550F45A88F5}.Debug|Any CPU.ActiveCfg = Debug|Any CPU
		{CBFA7E5E-1720-4C8F-8C2B-B550F45A88F5}.Debug|Any CPU.Build.0 = Debug|Any CPU
		{CBFA7E5E-1720-4C8F-8C2B-B550F45A88F5}.Release|Any CPU.ActiveCfg = Release|Any CPU
		{CBFA7E5E-1720-4C8F-8C2B-B550F45A88F5}.Release|Any CPU.Build.0 = Release|Any CPU
	EndGlobalSection
	GlobalSection(SolutionProperties) = preSolution
		HideSolutionNode = FALSE
	EndGlobalSection
	GlobalSection(ExtensibilityGlobals) = postSolution
		SolutionGuid = {659975E3-8B09-4741-8191-91673A896056}
	EndGlobalSection
EndGlobal
